// !$*UTF8*$!
{
	archiveVersion = 1;
	classes = {
	};
	objectVersion = 50;
	objects = {

/* Begin PBXBuildFile section */
		1B24C60924AD224E00FB47EC /* AppDelegate.swift in Sources */ = {isa = PBXBuildFile; fileRef = 1B24C60824AD224E00FB47EC /* AppDelegate.swift */; };
		1B24C60C24AD224E00FB47EC /* Renderer.swift in Sources */ = {isa = PBXBuildFile; fileRef = 1B24C60B24AD224E00FB47EC /* Renderer.swift */; };
		1B24C60E24AD224E00FB47EC /* GameViewController.swift in Sources */ = {isa = PBXBuildFile; fileRef = 1B24C60D24AD224E00FB47EC /* GameViewController.swift */; };
		1B24C61024AD224E00FB47EC /* Shaders.metal in Sources */ = {isa = PBXBuildFile; fileRef = 1B24C60F24AD224E00FB47EC /* Shaders.metal */; };
		1B24C61324AD224E00FB47EC /* Main.storyboard in Resources */ = {isa = PBXBuildFile; fileRef = 1B24C61124AD224E00FB47EC /* Main.storyboard */; };
		1B24C61524AD224F00FB47EC /* Assets.xcassets in Resources */ = {isa = PBXBuildFile; fileRef = 1B24C61424AD224F00FB47EC /* Assets.xcassets */; };
		1B24C61824AD224F00FB47EC /* LaunchScreen.storyboard in Resources */ = {isa = PBXBuildFile; fileRef = 1B24C61624AD224F00FB47EC /* LaunchScreen.storyboard */; };
		1B24C62324AD224F00FB47EC /* The_PulseTests.swift in Sources */ = {isa = PBXBuildFile; fileRef = 1B24C62224AD224F00FB47EC /* The_PulseTests.swift */; };
		1B24C62E24AD224F00FB47EC /* The_PulseUITests.swift in Sources */ = {isa = PBXBuildFile; fileRef = 1B24C62D24AD224F00FB47EC /* The_PulseUITests.swift */; };
/* End PBXBuildFile section */

/* Begin PBXContainerItemProxy section */
		1B24C61F24AD224F00FB47EC /* PBXContainerItemProxy */ = {
			isa = PBXContainerItemProxy;
			containerPortal = 1B24C5FD24AD224E00FB47EC /* Project object */;
			proxyType = 1;
			remoteGlobalIDString = 1B24C60424AD224E00FB47EC;
			remoteInfo = "The Pulse";
		};
		1B24C62A24AD224F00FB47EC /* PBXContainerItemProxy */ = {
			isa = PBXContainerItemProxy;
			containerPortal = 1B24C5FD24AD224E00FB47EC /* Project object */;
			proxyType = 1;
			remoteGlobalIDString = 1B24C60424AD224E00FB47EC;
			remoteInfo = "The Pulse";
		};
/* End PBXContainerItemProxy section */

/* Begin PBXFileReference section */
		1B24C60524AD224E00FB47EC /* The Pulse.app */ = {isa = PBXFileReference; explicitFileType = wrapper.application; includeInIndex = 0; path = "The Pulse.app"; sourceTree = BUILT_PRODUCTS_DIR; };
		1B24C60824AD224E00FB47EC /* AppDelegate.swift */ = {isa = PBXFileReference; lastKnownFileType = sourcecode.swift; path = AppDelegate.swift; sourceTree = "<group>"; };
		1B24C60A24AD224E00FB47EC /* ShaderTypes.h */ = {isa = PBXFileReference; lastKnownFileType = sourcecode.c.h; path = ShaderTypes.h; sourceTree = "<group>"; };
		1B24C60B24AD224E00FB47EC /* Renderer.swift */ = {isa = PBXFileReference; lastKnownFileType = sourcecode.swift; path = Renderer.swift; sourceTree = "<group>"; };
		1B24C60D24AD224E00FB47EC /* GameViewController.swift */ = {isa = PBXFileReference; lastKnownFileType = sourcecode.swift; path = GameViewController.swift; sourceTree = "<group>"; };
		1B24C60F24AD224E00FB47EC /* Shaders.metal */ = {isa = PBXFileReference; lastKnownFileType = sourcecode.metal; path = Shaders.metal; sourceTree = "<group>"; };
		1B24C61224AD224E00FB47EC /* Base */ = {isa = PBXFileReference; lastKnownFileType = file.storyboard; name = Base; path = Base.lproj/Main.storyboard; sourceTree = "<group>"; };
		1B24C61424AD224F00FB47EC /* Assets.xcassets */ = {isa = PBXFileReference; lastKnownFileType = folder.assetcatalog; path = Assets.xcassets; sourceTree = "<group>"; };
		1B24C61724AD224F00FB47EC /* Base */ = {isa = PBXFileReference; lastKnownFileType = file.storyboard; name = Base; path = Base.lproj/LaunchScreen.storyboard; sourceTree = "<group>"; };
		1B24C61924AD224F00FB47EC /* Info.plist */ = {isa = PBXFileReference; lastKnownFileType = text.plist.xml; path = Info.plist; sourceTree = "<group>"; };
		1B24C61E24AD224F00FB47EC /* The PulseTests.xctest */ = {isa = PBXFileReference; explicitFileType = wrapper.cfbundle; includeInIndex = 0; path = "The PulseTests.xctest"; sourceTree = BUILT_PRODUCTS_DIR; };
		1B24C62224AD224F00FB47EC /* The_PulseTests.swift */ = {isa = PBXFileReference; lastKnownFileType = sourcecode.swift; path = The_PulseTests.swift; sourceTree = "<group>"; };
		1B24C62424AD224F00FB47EC /* Info.plist */ = {isa = PBXFileReference; lastKnownFileType = text.plist.xml; path = Info.plist; sourceTree = "<group>"; };
		1B24C62924AD224F00FB47EC /* The PulseUITests.xctest */ = {isa = PBXFileReference; explicitFileType = wrapper.cfbundle; includeInIndex = 0; path = "The PulseUITests.xctest"; sourceTree = BUILT_PRODUCTS_DIR; };
		1B24C62D24AD224F00FB47EC /* The_PulseUITests.swift */ = {isa = PBXFileReference; lastKnownFileType = sourcecode.swift; path = The_PulseUITests.swift; sourceTree = "<group>"; };
		1B24C62F24AD224F00FB47EC /* Info.plist */ = {isa = PBXFileReference; lastKnownFileType = text.plist.xml; path = Info.plist; sourceTree = "<group>"; };
/* End PBXFileReference section */

/* Begin PBXFrameworksBuildPhase section */
		1B24C60224AD224E00FB47EC /* Frameworks */ = {
			isa = PBXFrameworksBuildPhase;
			buildActionMask = 2147483647;
			files = (
			);
			runOnlyForDeploymentPostprocessing = 0;
		};
		1B24C61B24AD224F00FB47EC /* Frameworks */ = {
			isa = PBXFrameworksBuildPhase;
			buildActionMask = 2147483647;
			files = (
			);
			runOnlyForDeploymentPostprocessing = 0;
		};
		1B24C62624AD224F00FB47EC /* Frameworks */ = {
			isa = PBXFrameworksBuildPhase;
			buildActionMask = 2147483647;
			files = (
			);
			runOnlyForDeploymentPostprocessing = 0;
		};
/* End PBXFrameworksBuildPhase section */

/* Begin PBXGroup section */
		1B24C5FC24AD224E00FB47EC = {
			isa = PBXGroup;
			children = (
				1B24C60724AD224E00FB47EC /* The Pulse */,
				1B24C62124AD224F00FB47EC /* The PulseTests */,
				1B24C62C24AD224F00FB47EC /* The PulseUITests */,
				1B24C60624AD224E00FB47EC /* Products */,
			);
			sourceTree = "<group>";
		};
		1B24C60624AD224E00FB47EC /* Products */ = {
			isa = PBXGroup;
			children = (
				1B24C60524AD224E00FB47EC /* The Pulse.app */,
				1B24C61E24AD224F00FB47EC /* The PulseTests.xctest */,
				1B24C62924AD224F00FB47EC /* The PulseUITests.xctest */,
			);
			name = Products;
			sourceTree = "<group>";
		};
		1B24C60724AD224E00FB47EC /* The Pulse */ = {
			isa = PBXGroup;
			children = (
				1B24C60824AD224E00FB47EC /* AppDelegate.swift */,
				1B24C60A24AD224E00FB47EC /* ShaderTypes.h */,
				1B24C60B24AD224E00FB47EC /* Renderer.swift */,
				1B24C60D24AD224E00FB47EC /* GameViewController.swift */,
				1B24C60F24AD224E00FB47EC /* Shaders.metal */,
				1B24C61124AD224E00FB47EC /* Main.storyboard */,
				1B24C61424AD224F00FB47EC /* Assets.xcassets */,
				1B24C61624AD224F00FB47EC /* LaunchScreen.storyboard */,
				1B24C61924AD224F00FB47EC /* Info.plist */,
			);
			path = "The Pulse";
			sourceTree = "<group>";
		};
		1B24C62124AD224F00FB47EC /* The PulseTests */ = {
			isa = PBXGroup;
			children = (
				1B24C62224AD224F00FB47EC /* The_PulseTests.swift */,
				1B24C62424AD224F00FB47EC /* Info.plist */,
			);
			path = "The PulseTests";
			sourceTree = "<group>";
		};
		1B24C62C24AD224F00FB47EC /* The PulseUITests */ = {
			isa = PBXGroup;
			children = (
				1B24C62D24AD224F00FB47EC /* The_PulseUITests.swift */,
				1B24C62F24AD224F00FB47EC /* Info.plist */,
			);
			path = "The PulseUITests";
			sourceTree = "<group>";
		};
/* End PBXGroup section */

/* Begin PBXNativeTarget section */
		1B24C60424AD224E00FB47EC /* The Pulse */ = {
			isa = PBXNativeTarget;
			buildConfigurationList = 1B24C63224AD224F00FB47EC /* Build configuration list for PBXNativeTarget "The Pulse" */;
			buildPhases = (
				1B24C60124AD224E00FB47EC /* Sources */,
				1B24C60224AD224E00FB47EC /* Frameworks */,
				1B24C60324AD224E00FB47EC /* Resources */,
			);
			buildRules = (
			);
			dependencies = (
			);
			name = "The Pulse";
			productName = "The Pulse";
			productReference = 1B24C60524AD224E00FB47EC /* The Pulse.app */;
			productType = "com.apple.product-type.application";
		};
		1B24C61D24AD224F00FB47EC /* The PulseTests */ = {
			isa = PBXNativeTarget;
			buildConfigurationList = 1B24C63524AD224F00FB47EC /* Build configuration list for PBXNativeTarget "The PulseTests" */;
			buildPhases = (
				1B24C61A24AD224F00FB47EC /* Sources */,
				1B24C61B24AD224F00FB47EC /* Frameworks */,
				1B24C61C24AD224F00FB47EC /* Resources */,
			);
			buildRules = (
			);
			dependencies = (
				1B24C62024AD224F00FB47EC /* PBXTargetDependency */,
			);
			name = "The PulseTests";
			productName = "The PulseTests";
			productReference = 1B24C61E24AD224F00FB47EC /* The PulseTests.xctest */;
			productType = "com.apple.product-type.bundle.unit-test";
		};
		1B24C62824AD224F00FB47EC /* The PulseUITests */ = {
			isa = PBXNativeTarget;
			buildConfigurationList = 1B24C63824AD224F00FB47EC /* Build configuration list for PBXNativeTarget "The PulseUITests" */;
			buildPhases = (
				1B24C62524AD224F00FB47EC /* Sources */,
				1B24C62624AD224F00FB47EC /* Frameworks */,
				1B24C62724AD224F00FB47EC /* Resources */,
			);
			buildRules = (
			);
			dependencies = (
				1B24C62B24AD224F00FB47EC /* PBXTargetDependency */,
			);
			name = "The PulseUITests";
			productName = "The PulseUITests";
			productReference = 1B24C62924AD224F00FB47EC /* The PulseUITests.xctest */;
			productType = "com.apple.product-type.bundle.ui-testing";
		};
/* End PBXNativeTarget section */

/* Begin PBXProject section */
		1B24C5FD24AD224E00FB47EC /* Project object */ = {
			isa = PBXProject;
			attributes = {
				LastSwiftUpdateCheck = 1150;
				LastUpgradeCheck = 1150;
				ORGANIZATIONNAME = "Callum Wilson";
				TargetAttributes = {
					1B24C60424AD224E00FB47EC = {
						CreatedOnToolsVersion = 11.5;
					};
					1B24C61D24AD224F00FB47EC = {
						CreatedOnToolsVersion = 11.5;
						TestTargetID = 1B24C60424AD224E00FB47EC;
					};
					1B24C62824AD224F00FB47EC = {
						CreatedOnToolsVersion = 11.5;
						TestTargetID = 1B24C60424AD224E00FB47EC;
					};
				};
			};
			buildConfigurationList = 1B24C60024AD224E00FB47EC /* Build configuration list for PBXProject "The Pulse" */;
			compatibilityVersion = "Xcode 9.3";
			developmentRegion = en;
			hasScannedForEncodings = 0;
			knownRegions = (
				en,
				Base,
			);
			mainGroup = 1B24C5FC24AD224E00FB47EC;
			productRefGroup = 1B24C60624AD224E00FB47EC /* Products */;
			projectDirPath = "";
			projectRoot = "";
			targets = (
				1B24C60424AD224E00FB47EC /* The Pulse */,
				1B24C61D24AD224F00FB47EC /* The PulseTests */,
				1B24C62824AD224F00FB47EC /* The PulseUITests */,
			);
		};
/* End PBXProject section */

/* Begin PBXResourcesBuildPhase section */
		1B24C60324AD224E00FB47EC /* Resources */ = {
			isa = PBXResourcesBuildPhase;
			buildActionMask = 2147483647;
			files = (
				1B24C61824AD224F00FB47EC /* LaunchScreen.storyboard in Resources */,
				1B24C61524AD224F00FB47EC /* Assets.xcassets in Resources */,
				1B24C61324AD224E00FB47EC /* Main.storyboard in Resources */,
			);
			runOnlyForDeploymentPostprocessing = 0;
		};
		1B24C61C24AD224F00FB47EC /* Resources */ = {
			isa = PBXResourcesBuildPhase;
			buildActionMask = 2147483647;
			files = (
			);
			runOnlyForDeploymentPostprocessing = 0;
		};
		1B24C62724AD224F00FB47EC /* Resources */ = {
			isa = PBXResourcesBuildPhase;
			buildActionMask = 2147483647;
			files = (
			);
			runOnlyForDeploymentPostprocessing = 0;
		};
/* End PBXResourcesBuildPhase section */

/* Begin PBXSourcesBuildPhase section */
		1B24C60124AD224E00FB47EC /* Sources */ = {
			isa = PBXSourcesBuildPhase;
			buildActionMask = 2147483647;
			files = (
				1B24C61024AD224E00FB47EC /* Shaders.metal in Sources */,
				1B24C60C24AD224E00FB47EC /* Renderer.swift in Sources */,
				1B24C60E24AD224E00FB47EC /* GameViewController.swift in Sources */,
				1B24C60924AD224E00FB47EC /* AppDelegate.swift in Sources */,
			);
			runOnlyForDeploymentPostprocessing = 0;
		};
		1B24C61A24AD224F00FB47EC /* Sources */ = {
			isa = PBXSourcesBuildPhase;
			buildActionMask = 2147483647;
			files = (
				1B24C62324AD224F00FB47EC /* The_PulseTests.swift in Sources */,
			);
			runOnlyForDeploymentPostprocessing = 0;
		};
		1B24C62524AD224F00FB47EC /* Sources */ = {
			isa = PBXSourcesBuildPhase;
			buildActionMask = 2147483647;
			files = (
				1B24C62E24AD224F00FB47EC /* The_PulseUITests.swift in Sources */,
			);
			runOnlyForDeploymentPostprocessing = 0;
		};
/* End PBXSourcesBuildPhase section */

/* Begin PBXTargetDependency section */
		1B24C62024AD224F00FB47EC /* PBXTargetDependency */ = {
			isa = PBXTargetDependency;
			target = 1B24C60424AD224E00FB47EC /* The Pulse */;
			targetProxy = 1B24C61F24AD224F00FB47EC /* PBXContainerItemProxy */;
		};
		1B24C62B24AD224F00FB47EC /* PBXTargetDependency */ = {
			isa = PBXTargetDependency;
			target = 1B24C60424AD224E00FB47EC /* The Pulse */;
			targetProxy = 1B24C62A24AD224F00FB47EC /* PBXContainerItemProxy */;
		};
/* End PBXTargetDependency section */

/* Begin PBXVariantGroup section */
		1B24C61124AD224E00FB47EC /* Main.storyboard */ = {
			isa = PBXVariantGroup;
			children = (
				1B24C61224AD224E00FB47EC /* Base */,
			);
			name = Main.storyboard;
			sourceTree = "<group>";
		};
		1B24C61624AD224F00FB47EC /* LaunchScreen.storyboard */ = {
			isa = PBXVariantGroup;
			children = (
				1B24C61724AD224F00FB47EC /* Base */,
			);
			name = LaunchScreen.storyboard;
			sourceTree = "<group>";
		};
/* End PBXVariantGroup section */

/* Begin XCBuildConfiguration section */
		1B24C63024AD224F00FB47EC /* Debug */ = {
			isa = XCBuildConfiguration;
			buildSettings = {
				ALWAYS_SEARCH_USER_PATHS = NO;
				CLANG_ANALYZER_NONNULL = YES;
				CLANG_ANALYZER_NUMBER_OBJECT_CONVERSION = YES_AGGRESSIVE;
				CLANG_CXX_LANGUAGE_STANDARD = "gnu++14";
				CLANG_CXX_LIBRARY = "libc++";
				CLANG_ENABLE_MODULES = YES;
				CLANG_ENABLE_OBJC_ARC = YES;
				CLANG_ENABLE_OBJC_WEAK = YES;
				CLANG_WARN_BLOCK_CAPTURE_AUTORELEASING = YES;
				CLANG_WARN_BOOL_CONVERSION = YES;
				CLANG_WARN_COMMA = YES;
				CLANG_WARN_CONSTANT_CONVERSION = YES;
				CLANG_WARN_DEPRECATED_OBJC_IMPLEMENTATIONS = YES;
				CLANG_WARN_DIRECT_OBJC_ISA_USAGE = YES_ERROR;
				CLANG_WARN_DOCUMENTATION_COMMENTS = YES;
				CLANG_WARN_EMPTY_BODY = YES;
				CLANG_WARN_ENUM_CONVERSION = YES;
				CLANG_WARN_INFINITE_RECURSION = YES;
				CLANG_WARN_INT_CONVERSION = YES;
				CLANG_WARN_NON_LITERAL_NULL_CONVERSION = YES;
				CLANG_WARN_OBJC_IMPLICIT_RETAIN_SELF = YES;
				CLANG_WARN_OBJC_LITERAL_CONVERSION = YES;
				CLANG_WARN_OBJC_ROOT_CLASS = YES_ERROR;
				CLANG_WARN_RANGE_LOOP_ANALYSIS = YES;
				CLANG_WARN_STRICT_PROTOTYPES = YES;
				CLANG_WARN_SUSPICIOUS_MOVE = YES;
				CLANG_WARN_UNGUARDED_AVAILABILITY = YES_AGGRESSIVE;
				CLANG_WARN_UNREACHABLE_CODE = YES;
				CLANG_WARN__DUPLICATE_METHOD_MATCH = YES;
				COPY_PHASE_STRIP = NO;
				DEBUG_INFORMATION_FORMAT = dwarf;
				ENABLE_STRICT_OBJC_MSGSEND = YES;
				ENABLE_TESTABILITY = YES;
				GCC_C_LANGUAGE_STANDARD = gnu11;
				GCC_DYNAMIC_NO_PIC = NO;
				GCC_NO_COMMON_BLOCKS = YES;
				GCC_OPTIMIZATION_LEVEL = 0;
				GCC_PREPROCESSOR_DEFINITIONS = (
					"DEBUG=1",
					"$(inherited)",
				);
				GCC_WARN_64_TO_32_BIT_CONVERSION = YES;
				GCC_WARN_ABOUT_RETURN_TYPE = YES_ERROR;
				GCC_WARN_UNDECLARED_SELECTOR = YES;
				GCC_WARN_UNINITIALIZED_AUTOS = YES_AGGRESSIVE;
				GCC_WARN_UNUSED_FUNCTION = YES;
				GCC_WARN_UNUSED_VARIABLE = YES;
				IPHONEOS_DEPLOYMENT_TARGET = 13.5;
				MTL_ENABLE_DEBUG_INFO = INCLUDE_SOURCE;
				MTL_FAST_MATH = YES;
				ONLY_ACTIVE_ARCH = YES;
				SDKROOT = iphoneos;
				SWIFT_ACTIVE_COMPILATION_CONDITIONS = DEBUG;
				SWIFT_OPTIMIZATION_LEVEL = "-Onone";
			};
			name = Debug;
		};
		1B24C63124AD224F00FB47EC /* Release */ = {
			isa = XCBuildConfiguration;
			buildSettings = {
				ALWAYS_SEARCH_USER_PATHS = NO;
				CLANG_ANALYZER_NONNULL = YES;
				CLANG_ANALYZER_NUMBER_OBJECT_CONVERSION = YES_AGGRESSIVE;
				CLANG_CXX_LANGUAGE_STANDARD = "gnu++14";
				CLANG_CXX_LIBRARY = "libc++";
				CLANG_ENABLE_MODULES = YES;
				CLANG_ENABLE_OBJC_ARC = YES;
				CLANG_ENABLE_OBJC_WEAK = YES;
				CLANG_WARN_BLOCK_CAPTURE_AUTORELEASING = YES;
				CLANG_WARN_BOOL_CONVERSION = YES;
				CLANG_WARN_COMMA = YES;
				CLANG_WARN_CONSTANT_CONVERSION = YES;
				CLANG_WARN_DEPRECATED_OBJC_IMPLEMENTATIONS = YES;
				CLANG_WARN_DIRECT_OBJC_ISA_USAGE = YES_ERROR;
				CLANG_WARN_DOCUMENTATION_COMMENTS = YES;
				CLANG_WARN_EMPTY_BODY = YES;
				CLANG_WARN_ENUM_CONVERSION = YES;
				CLANG_WARN_INFINITE_RECURSION = YES;
				CLANG_WARN_INT_CONVERSION = YES;
				CLANG_WARN_NON_LITERAL_NULL_CONVERSION = YES;
				CLANG_WARN_OBJC_IMPLICIT_RETAIN_SELF = YES;
				CLANG_WARN_OBJC_LITERAL_CONVERSION = YES;
				CLANG_WARN_OBJC_ROOT_CLASS = YES_ERROR;
				CLANG_WARN_RANGE_LOOP_ANALYSIS = YES;
				CLANG_WARN_STRICT_PROTOTYPES = YES;
				CLANG_WARN_SUSPICIOUS_MOVE = YES;
				CLANG_WARN_UNGUARDED_AVAILABILITY = YES_AGGRESSIVE;
				CLANG_WARN_UNREACHABLE_CODE = YES;
				CLANG_WARN__DUPLICATE_METHOD_MATCH = YES;
				COPY_PHASE_STRIP = NO;
				DEBUG_INFORMATION_FORMAT = "dwarf-with-dsym";
				ENABLE_NS_ASSERTIONS = NO;
				ENABLE_STRICT_OBJC_MSGSEND = YES;
				GCC_C_LANGUAGE_STANDARD = gnu11;
				GCC_NO_COMMON_BLOCKS = YES;
				GCC_WARN_64_TO_32_BIT_CONVERSION = YES;
				GCC_WARN_ABOUT_RETURN_TYPE = YES_ERROR;
				GCC_WARN_UNDECLARED_SELECTOR = YES;
				GCC_WARN_UNINITIALIZED_AUTOS = YES_AGGRESSIVE;
				GCC_WARN_UNUSED_FUNCTION = YES;
				GCC_WARN_UNUSED_VARIABLE = YES;
				IPHONEOS_DEPLOYMENT_TARGET = 13.5;
				MTL_ENABLE_DEBUG_INFO = NO;
				MTL_FAST_MATH = YES;
				SDKROOT = iphoneos;
				SWIFT_COMPILATION_MODE = wholemodule;
				SWIFT_OPTIMIZATION_LEVEL = "-O";
				VALIDATE_PRODUCT = YES;
			};
			name = Release;
		};
		1B24C63324AD224F00FB47EC /* Debug */ = {
			isa = XCBuildConfiguration;
			buildSettings = {
				ASSETCATALOG_COMPILER_APPICON_NAME = AppIcon;
				CODE_SIGN_STYLE = Automatic;
				DEVELOPMENT_TEAM = ZD78LQ5BAL;
				INFOPLIST_FILE = "The Pulse/Info.plist";
				LD_RUNPATH_SEARCH_PATHS = (
					"$(inherited)",
					"@executable_path/Frameworks",
				);
				PRODUCT_BUNDLE_IDENTIFIER = "Howling-Pass.The-Pulse";
				PRODUCT_NAME = "$(TARGET_NAME)";
				SWIFT_OBJC_BRIDGING_HEADER = "$(TARGET_NAME)/ShaderTypes.h";
				SWIFT_VERSION = 5.0;
				TARGETED_DEVICE_FAMILY = "1,2";
			};
			name = Debug;
		};
		1B24C63424AD224F00FB47EC /* Release */ = {
			isa = XCBuildConfiguration;
			buildSettings = {
				ASSETCATALOG_COMPILER_APPICON_NAME = AppIcon;
				CODE_SIGN_STYLE = Automatic;
				DEVELOPMENT_TEAM = ZD78LQ5BAL;
				INFOPLIST_FILE = "The Pulse/Info.plist";
				LD_RUNPATH_SEARCH_PATHS = (
					"$(inherited)",
					"@executable_path/Frameworks",
				);
				PRODUCT_BUNDLE_IDENTIFIER = "Howling-Pass.The-Pulse";
				PRODUCT_NAME = "$(TARGET_NAME)";
				SWIFT_OBJC_BRIDGING_HEADER = "$(TARGET_NAME)/ShaderTypes.h";
				SWIFT_VERSION = 5.0;
				TARGETED_DEVICE_FAMILY = "1,2";
			};
			name = Release;
		};
		1B24C63624AD224F00FB47EC /* Debug */ = {
			isa = XCBuildConfiguration;
			buildSettings = {
				ALWAYS_EMBED_SWIFT_STANDARD_LIBRARIES = YES;
				BUNDLE_LOADER = "$(TEST_HOST)";
				CODE_SIGN_STYLE = Automatic;
				DEVELOPMENT_TEAM = ZD78LQ5BAL;
				INFOPLIST_FILE = "The PulseTests/Info.plist";
				IPHONEOS_DEPLOYMENT_TARGET = 13.5;
				LD_RUNPATH_SEARCH_PATHS = (
					"$(inherited)",
					"@executable_path/Frameworks",
					"@loader_path/Frameworks",
				);
				PRODUCT_BUNDLE_IDENTIFIER = "Howling-Pass.The-PulseTests";
				PRODUCT_NAME = "$(TARGET_NAME)";
				SWIFT_VERSION = 5.0;
				TARGETED_DEVICE_FAMILY = "1,2";
				TEST_HOST = "$(BUILT_PRODUCTS_DIR)/The Pulse.app/The Pulse";
			};
			name = Debug;
		};
		1B24C63724AD224F00FB47EC /* Release */ = {
			isa = XCBuildConfiguration;
			buildSettings = {
				ALWAYS_EMBED_SWIFT_STANDARD_LIBRARIES = YES;
				BUNDLE_LOADER = "$(TEST_HOST)";
				CODE_SIGN_STYLE = Automatic;
				DEVELOPMENT_TEAM = ZD78LQ5BAL;
				INFOPLIST_FILE = "The PulseTests/Info.plist";
				IPHONEOS_DEPLOYMENT_TARGET = 13.5;
				LD_RUNPATH_SEARCH_PATHS = (
					"$(inherited)",
					"@executable_path/Frameworks",
					"@loader_path/Frameworks",
				);
				PRODUCT_BUNDLE_IDENTIFIER = "Howling-Pass.The-PulseTests";
				PRODUCT_NAME = "$(TARGET_NAME)";
				SWIFT_VERSION = 5.0;
				TARGETED_DEVICE_FAMILY = "1,2";
				TEST_HOST = "$(BUILT_PRODUCTS_DIR)/The Pulse.app/The Pulse";
			};
			name = Release;
		};
		1B24C63924AD224F00FB47EC /* Debug */ = {
			isa = XCBuildConfiguration;
			buildSettings = {
				ALWAYS_EMBED_SWIFT_STANDARD_LIBRARIES = YES;
				CODE_SIGN_STYLE = Automatic;
				DEVELOPMENT_TEAM = ZD78LQ5BAL;
				INFOPLIST_FILE = "The PulseUITests/Info.plist";
				LD_RUNPATH_SEARCH_PATHS = (
					"$(inherited)",
					"@executable_path/Frameworks",
					"@loader_path/Frameworks",
				);
				PRODUCT_BUNDLE_IDENTIFIER = "Howling-Pass.The-PulseUITests";
				PRODUCT_NAME = "$(TARGET_NAME)";
				SWIFT_VERSION = 5.0;
				TARGETED_DEVICE_FAMILY = "1,2";
				TEST_TARGET_NAME = "The Pulse";
			};
			name = Debug;
		};
		1B24C63A24AD224F00FB47EC /* Release */ = {
			isa = XCBuildConfiguration;
			buildSettings = {
				ALWAYS_EMBED_SWIFT_STANDARD_LIBRARIES = YES;
				CODE_SIGN_STYLE = Automatic;
				DEVELOPMENT_TEAM = ZD78LQ5BAL;
				INFOPLIST_FILE = "The PulseUITests/Info.plist";
				LD_RUNPATH_SEARCH_PATHS = (
					"$(inherited)",
					"@executable_path/Frameworks",
					"@loader_path/Frameworks",
				);
				PRODUCT_BUNDLE_IDENTIFIER = "Howling-Pass.The-PulseUITests";
				PRODUCT_NAME = "$(TARGET_NAME)";
				SWIFT_VERSION = 5.0;
				TARGETED_DEVICE_FAMILY = "1,2";
				TEST_TARGET_NAME = "The Pulse";
			};
			name = Release;
		};
/* End XCBuildConfiguration section */

/* Begin XCConfigurationList section */
		1B24C60024AD224E00FB47EC /* Build configuration list for PBXProject "The Pulse" */ = {
			isa = XCConfigurationList;
			buildConfigurations = (
				1B24C63024AD224F00FB47EC /* Debug */,
				1B24C63124AD224F00FB47EC /* Release */,
			);
			defaultConfigurationIsVisible = 0;
			defaultConfigurationName = Release;
		};
		1B24C63224AD224F00FB47EC /* Build configuration list for PBXNativeTarget "The Pulse" */ = {
			isa = XCConfigurationList;
			buildConfigurations = (
				1B24C63324AD224F00FB47EC /* Debug */,
				1B24C63424AD224F00FB47EC /* Release */,
			);
			defaultConfigurationIsVisible = 0;
			defaultConfigurationName = Release;
		};
		1B24C63524AD224F00FB47EC /* Build configuration list for PBXNativeTarget "The PulseTests" */ = {
			isa = XCConfigurationList;
			buildConfigurations = (
				1B24C63624AD224F00FB47EC /* Debug */,
				1B24C63724AD224F00FB47EC /* Release */,
			);
			defaultConfigurationIsVisible = 0;
			defaultConfigurationName = Release;
		};
		1B24C63824AD224F00FB47EC /* Build configuration list for PBXNativeTarget "The PulseUITests" */ = {
			isa = XCConfigurationList;
			buildConfigurations = (
				1B24C63924AD224F00FB47EC /* Debug */,
				1B24C63A24AD224F00FB47EC /* Release */,
			);
			defaultConfigurationIsVisible = 0;
			defaultConfigurationName = Release;
		};
/* End XCConfigurationList section */
	};
	rootObject = 1B24C5FD24AD224E00FB47EC /* Project object */;
}
